
Microsoft Visual Studio Solution File, Format Version 12.00
# Visual Studio Version 17
VisualStudioVersion = 17.1.32407.343
MinimumVisualStudioVersion = 10.0.40219.1
Project("{9A19103F-16F7-4668-BE54-9A1E7A4F7556}") = "ERP", "WPFDemo\ERP.csproj", "{8954BBF4-9FAE-475A-9959-0F7AEC3803D1}"
EndProject
Global
	GlobalSection(SolutionConfigurationPlatforms) = preSolution
		Debug|Any CPU = Debug|Any CPU
		Release|Any CPU = Release|Any CPU
	EndGlobalSection
	GlobalSection(ProjectConfigurationPlatforms) = postSolution
		{8954BBF4-9FAE-475A-9959-0F7AEC3803D1}.Debug|Any CPU.ActiveCfg = Debug|Any CPU
		{8954BBF4-9FAE-475A-9959-0F7AEC3803D1}.Debug|Any CPU.Build.0 = Debug|Any CPU
		{8954BBF4-9FAE-475A-9959-0F7AEC3803D1}.Release|Any CPU.ActiveCfg = Release|Any CPU
		{8954BBF4-9FAE-475A-9959-0F7AEC3803D1}.Release|Any CPU.Build.0 = Release|Any CPU
	EndGlobalSection
	GlobalSection(SolutionProperties) = preSolution
		HideSolutionNode = FALSE
	EndGlobalSection
	GlobalSection(ExtensibilityGlobals) = postSolution
		SolutionGuid = {B5F29B29-DCF4-48A6-8774-40BE7A78FAEF}
	EndGlobalSection
EndGlobal
